
Microsoft Visual Studio Solution File, Format Version 12.00
# Visual Studio 15
VisualStudioVersion = 15.0.28307.779
MinimumVisualStudioVersion = 10.0.40219.1
Project("{FAE04EC0-301F-11D3-BF4B-00C04F79EFBC}") = "Chisla", "ListExample\Chisla.csproj", "{F1185D17-D2DD-47CF-8938-C78B1DC48C1A}"
EndProject
Project("{FAE04EC0-301F-11D3-BF4B-00C04F79EFBC}") = "SquareSum", "SquareSum\SquareSum.csproj", "{0376C3A7-AB8F-4D1C-90FF-543ACBE7F15D}"
EndProject
Global
	GlobalSection(SolutionConfigurationPlatforms) = preSolution
		Debug|Any CPU = Debug|Any CPU
		Release|Any CPU = Release|Any CPU
	EndGlobalSection
	GlobalSection(ProjectConfigurationPlatforms) = postSolution
		{F1185D17-D2DD-47CF-8938-C78B1DC48C1A}.Debug|Any CPU.ActiveCfg = Debug|Any CPU
		{F1185D17-D2DD-47CF-8938-C78B1DC48C1A}.Debug|Any CPU.Build.0 = Debug|Any CPU
		{F1185D17-D2DD-47CF-8938-C78B1DC48C1A}.Release|Any CPU.ActiveCfg = Release|Any CPU
		{F1185D17-D2DD-47CF-8938-C78B1DC48C1A}.Release|Any CPU.Build.0 = Release|Any CPU
		{0376C3A7-AB8F-4D1C-90FF-543ACBE7F15D}.Debug|Any CPU.ActiveCfg = Debug|Any CPU
		{0376C3A7-AB8F-4D1C-90FF-543ACBE7F15D}.Debug|Any CPU.Build.0 = Debug|Any CPU
		{0376C3A7-AB8F-4D1C-90FF-543ACBE7F15D}.Release|Any CPU.ActiveCfg = Release|Any CPU
		{0376C3A7-AB8F-4D1C-90FF-543ACBE7F15D}.Release|Any CPU.Build.0 = Release|Any CPU
	EndGlobalSection
	GlobalSection(SolutionProperties) = preSolution
		HideSolutionNode = FALSE
	EndGlobalSection
	GlobalSection(ExtensibilityGlobals) = postSolution
		SolutionGuid = {98FE4F49-8A5F-4BAE-BE99-532738E40D4F}
	EndGlobalSection
EndGlobal
